<?xml version="1.0" encoding="utf-8"?>
<Project ToolsVersion="4.0" xmlns="http://schemas.microsoft.com/developer/msbuild/2003">
  <ItemGroup>
    <Filter Include="源文件">
      <UniqueIdentifier>{4FC737F1-C7A5-4376-A066-2A32D752A2FF}</UniqueIdentifier>
      <Extensions>cpp;c;cc;cxx;def;odl;idl;hpj;bat;asm;asmx</Extensions>
    </Filter>
    <Filter Include="头文件">
      <UniqueIdentifier>{93995380-89BD-4b04-88EB-625FBE52EBFB}</UniqueIdentifier>
      <Extensions>h;hh;hpp;hxx;hm;inl;inc;ipp;xsd</Extensions>
    </Filter>
    <Filter Include="资源文件">
      <UniqueIdentifier>{67DA6AB6-F800-4c08-8B7A-83BB121AAD01}</UniqueIdentifier>
      <Extensions>rc;ico;cur;bmp;dlg;rc2;rct;bin;rgs;gif;jpg;jpeg;jpe;resx;tiff;tif;png;wav;mfcribbon-ms</Extensions>
    </Filter>
    <Filter Include="源文件\functions">
      <UniqueIdentifier>{f2f6935a-caa8-4bcf-bb3a-f29e282ac7f5}</UniqueIdentifier>
    </Filter>
    <Filter Include="头文件\functions">
      <UniqueIdentifier>{ba7c6ce2-0c84-4e72-84ad-eea379a47186}</UniqueIdentifier>
    </Filter>
    <Filter Include="源文件\test">
      <UniqueIdentifier>{9413587a-d576-4db0-a7e8-fe99c9fb456c}</UniqueIdentifier>
    </Filter>
    <Filter Include="头文件\test">
      <UniqueIdentifier>{4fb3a349-cbf5-48f2-9bde-ac6722d1c6c2}</UniqueIdentifier>
    </Filter>
  </ItemGroup>
  <ItemGroup>
    <ClInclude Include="stdafx.h">
      <Filter>头文件</Filter>
    </ClInclude>
    <ClInclude Include="targetver.h">
      <Filter>头文件</Filter>
    </ClInclude>
    <ClInclude Include="functions\function1.h">
      <Filter>头文件\functions</Filter>
    </ClInclude>
    <ClInclude Include="test\test1.h">
      <Filter>头文件\test</Filter>
    </ClInclude>
    <ClInclude Include="functions\tree_001.h">
      <Filter>头文件\functions</Filter>
    </ClInclude>
  </ItemGroup>
  <ItemGroup>
    <ClCompile Include="stdafx.cpp">
      <Filter>源文件</Filter>
    </ClCompile>
    <ClCompile Include="algorithm_training.cpp">
      <Filter>源文件</Filter>
    </ClCompile>
    <ClCompile Include="functions\function1.cpp">
      <Filter>源文件\functions</Filter>
    </ClCompile>
    <ClCompile Include="test\test1.cpp">
      <Filter>源文件\test</Filter>
    </ClCompile>
    <ClCompile Include="functions\tree_001.cpp">
      <Filter>源文件\functions</Filter>
    </ClCompile>
  </ItemGroup>
</Project>